
Microsoft Visual Studio Solution File, Format Version 11.00
# Visual Studio 2010
Project("{FAE04EC0-301F-11D3-BF4B-00C04F79EFBC}") = "Assembly-CSharp", "Assembly-CSharp.csproj", "{A18B9FF5-AA06-3694-5EDA-E7A6ADE739F2}"
EndProject
Project("{FAE04EC0-301F-11D3-BF4B-00C04F79EFBC}") = "Assembly-CSharp-Editor", "Assembly-CSharp-Editor.csproj", "{059CE362-30E6-ADFE-1634-1B84FD20C6D4}"
EndProject
Global
	GlobalSection(SolutionConfigurationPlatforms) = preSolution
		Debug|Any CPU = Debug|Any CPU
		Release|Any CPU = Release|Any CPU
	EndGlobalSection
	GlobalSection(ProjectConfigurationPlatforms) = postSolution
		{A18B9FF5-AA06-3694-5EDA-E7A6ADE739F2}.Debug|Any CPU.ActiveCfg = Debug|Any CPU
		{A18B9FF5-AA06-3694-5EDA-E7A6ADE739F2}.Debug|Any CPU.Build.0 = Debug|Any CPU
		{A18B9FF5-AA06-3694-5EDA-E7A6ADE739F2}.Release|Any CPU.ActiveCfg = Release|Any CPU
		{A18B9FF5-AA06-3694-5EDA-E7A6ADE739F2}.Release|Any CPU.Build.0 = Release|Any CPU
		{059CE362-30E6-ADFE-1634-1B84FD20C6D4}.Debug|Any CPU.ActiveCfg = Debug|Any CPU
		{059CE362-30E6-ADFE-1634-1B84FD20C6D4}.Debug|Any CPU.Build.0 = Debug|Any CPU
		{059CE362-30E6-ADFE-1634-1B84FD20C6D4}.Release|Any CPU.ActiveCfg = Release|Any CPU
		{059CE362-30E6-ADFE-1634-1B84FD20C6D4}.Release|Any CPU.Build.0 = Release|Any CPU
	EndGlobalSection
	GlobalSection(SolutionProperties) = preSolution
		HideSolutionNode = FALSE
	EndGlobalSection
	GlobalSection(MonoDevelopProperties) = preSolution
		StartupItem = Assembly-CSharp.csproj
	EndGlobalSection
EndGlobal
